
Microsoft Visual Studio Solution File, Format Version 12.00
# Visual Studio Version 17
VisualStudioVersion = 17.9.34902.65
MinimumVisualStudioVersion = 10.0.40219.1
Project("{9A19103F-16F7-4668-BE54-9A1E7A4F7556}") = "cmcs_", "cmcs_.csproj", "{2DF589F5-636A-4432-ADF7-DB6BAED3750A}"
EndProject
Project("{9A19103F-16F7-4668-BE54-9A1E7A4F7556}") = "cmcs_.Tests", "..\cmcs_.Tests\cmcs_.Tests.csproj", "{E0533B51-F1BC-4ECA-A720-3665F450236A}"
EndProject
Global
	GlobalSection(SolutionConfigurationPlatforms) = preSolution
		Debug|Any CPU = Debug|Any CPU
		Release|Any CPU = Release|Any CPU
	EndGlobalSection
	GlobalSection(ProjectConfigurationPlatforms) = postSolution
		{2DF589F5-636A-4432-ADF7-DB6BAED3750A}.Debug|Any CPU.ActiveCfg = Debug|Any CPU
		{2DF589F5-636A-4432-ADF7-DB6BAED3750A}.Debug|Any CPU.Build.0 = Debug|Any CPU
		{2DF589F5-636A-4432-ADF7-DB6BAED3750A}.Release|Any CPU.ActiveCfg = Release|Any CPU
		{2DF589F5-636A-4432-ADF7-DB6BAED3750A}.Release|Any CPU.Build.0 = Release|Any CPU
		{E0533B51-F1BC-4ECA-A720-3665F450236A}.Debug|Any CPU.ActiveCfg = Debug|Any CPU
		{E0533B51-F1BC-4ECA-A720-3665F450236A}.Debug|Any CPU.Build.0 = Debug|Any CPU
		{E0533B51-F1BC-4ECA-A720-3665F450236A}.Release|Any CPU.ActiveCfg = Release|Any CPU
		{E0533B51-F1BC-4ECA-A720-3665F450236A}.Release|Any CPU.Build.0 = Release|Any CPU
	EndGlobalSection
	GlobalSection(SolutionProperties) = preSolution
		HideSolutionNode = FALSE
	EndGlobalSection
	GlobalSection(ExtensibilityGlobals) = postSolution
		SolutionGuid = {C9D14E41-C812-4913-8EFD-07987B24A3C3}
	EndGlobalSection
EndGlobal
